{
  "name": "rename-mongodb-database",
  "version": "1.0.0",
  "lockfileVersion": 3,
  "requires": true,
  "packages": {
    "": {
      "name": "rename-mongodb-database",
      "version": "1.0.0",
      "license": "MIT",
      "dependencies": {
        "boring": "^1.1.1",
        "shell-quote": "^1.8.1"
      },
      "bin": {
        "rename-mongodb-database": "bin/rename-mongodb-database"
      }
    },
    "node_modules/boring": {
      "version": "1.1.1",
      "resolved": "https://registry.npmjs.org/boring/-/boring-1.1.1.tgz",
      "integrity": "sha512-2JQukkqYeUPzUrwMOM8o6YcmNDtsir3h/ityMLJadvrXNP3uovZXptxYJGs6Lb7Eiwn5j6BZRyLSFn81uDOXPg=="
    },
    "node_modules/shell-quote": {
      "version": "1.8.1",
      "resolved": "https://registry.npmjs.org/shell-quote/-/shell-quote-1.8.1.tgz",
      "integrity": "sha512-6j1W9l1iAs/4xYBI1SYOVZyFcCis9b4KCLQ8fgAGG07QvzaRLVVRQvAy85yNmmZSjYjg4MWh4gNvlPujU/5LpA==",
      "funding": {
        "url": "https://github.com/sponsors/ljharb"
      }
    }
  }
}
